// !$*UTF8*$!
{
	archiveVersion = 1;
	classes = {
	};
	objectVersion = 50;
	objects = {

/* Begin PBXBuildFile section */
		C3059F2F2839642200C939BF /* NavManager.swift in Sources */ = {isa = PBXBuildFile; fileRef = C3059F2E2839642200C939BF /* NavManager.swift */; };
		C39DCF0C28394079002F2A0F /* AppDelegate.swift in Sources */ = {isa = PBXBuildFile; fileRef = C39DCF0B28394079002F2A0F /* AppDelegate.swift */; };
		C39DCF0E28394079002F2A0F /* SceneDelegate.swift in Sources */ = {isa = PBXBuildFile; fileRef = C39DCF0D28394079002F2A0F /* SceneDelegate.swift */; };
		C39DCF1028394079002F2A0F /* ViewController.swift in Sources */ = {isa = PBXBuildFile; fileRef = C39DCF0F28394079002F2A0F /* ViewController.swift */; };
		C39DCF1328394079002F2A0F /* Main.storyboard in Resources */ = {isa = PBXBuildFile; fileRef = C39DCF1128394079002F2A0F /* Main.storyboard */; };
		C39DCF1528394083002F2A0F /* Assets.xcassets in Resources */ = {isa = PBXBuildFile; fileRef = C39DCF1428394083002F2A0F /* Assets.xcassets */; };
		C39DCF1828394083002F2A0F /* LaunchScreen.storyboard in Resources */ = {isa = PBXBuildFile; fileRef = C39DCF1628394083002F2A0F /* LaunchScreen.storyboard */; };
		C39DCF21283940F3002F2A0F /* Vertex.swift in Sources */ = {isa = PBXBuildFile; fileRef = C39DCF20283940F3002F2A0F /* Vertex.swift */; };
		C39DCF242839474D002F2A0F /* MinHeap.swift in Sources */ = {isa = PBXBuildFile; fileRef = C39DCF232839474C002F2A0F /* MinHeap.swift */; };
/* End PBXBuildFile section */

/* Begin PBXFileReference section */
		C3059F2E2839642200C939BF /* NavManager.swift */ = {isa = PBXFileReference; lastKnownFileType = sourcecode.swift; path = NavManager.swift; sourceTree = "<group>"; };
		C39DCF0828394079002F2A0F /* GGBLProj.app */ = {isa = PBXFileReference; explicitFileType = wrapper.application; includeInIndex = 0; path = GGBLProj.app; sourceTree = BUILT_PRODUCTS_DIR; };
		C39DCF0B28394079002F2A0F /* AppDelegate.swift */ = {isa = PBXFileReference; lastKnownFileType = sourcecode.swift; path = AppDelegate.swift; sourceTree = "<group>"; };
		C39DCF0D28394079002F2A0F /* SceneDelegate.swift */ = {isa = PBXFileReference; lastKnownFileType = sourcecode.swift; path = SceneDelegate.swift; sourceTree = "<group>"; };
		C39DCF0F28394079002F2A0F /* ViewController.swift */ = {isa = PBXFileReference; lastKnownFileType = sourcecode.swift; path = ViewController.swift; sourceTree = "<group>"; };
		C39DCF1228394079002F2A0F /* Base */ = {isa = PBXFileReference; lastKnownFileType = file.storyboard; name = Base; path = Base.lproj/Main.storyboard; sourceTree = "<group>"; };
		C39DCF1428394083002F2A0F /* Assets.xcassets */ = {isa = PBXFileReference; lastKnownFileType = folder.assetcatalog; path = Assets.xcassets; sourceTree = "<group>"; };
		C39DCF1728394083002F2A0F /* Base */ = {isa = PBXFileReference; lastKnownFileType = file.storyboard; name = Base; path = Base.lproj/LaunchScreen.storyboard; sourceTree = "<group>"; };
		C39DCF1928394083002F2A0F /* Info.plist */ = {isa = PBXFileReference; lastKnownFileType = text.plist.xml; path = Info.plist; sourceTree = "<group>"; };
		C39DCF20283940F3002F2A0F /* Vertex.swift */ = {isa = PBXFileReference; lastKnownFileType = sourcecode.swift; path = Vertex.swift; sourceTree = "<group>"; };
		C39DCF232839474C002F2A0F /* MinHeap.swift */ = {isa = PBXFileReference; lastKnownFileType = sourcecode.swift; path = MinHeap.swift; sourceTree = "<group>"; };
/* End PBXFileReference section */

/* Begin PBXFrameworksBuildPhase section */
		C39DCF0528394079002F2A0F /* Frameworks */ = {
			isa = PBXFrameworksBuildPhase;
			buildActionMask = 2147483647;
			files = (
			);
			runOnlyForDeploymentPostprocessing = 0;
		};
/* End PBXFrameworksBuildPhase section */

/* Begin PBXGroup section */
		C39DCEFF28394079002F2A0F = {
			isa = PBXGroup;
			children = (
				C39DCF0A28394079002F2A0F /* GGBLProj */,
				C39DCF0928394079002F2A0F /* Products */,
			);
			sourceTree = "<group>";
		};
		C39DCF0928394079002F2A0F /* Products */ = {
			isa = PBXGroup;
			children = (
				C39DCF0828394079002F2A0F /* GGBLProj.app */,
			);
			name = Products;
			sourceTree = "<group>";
		};
		C39DCF0A28394079002F2A0F /* GGBLProj */ = {
			isa = PBXGroup;
			children = (
				C39DCF0B28394079002F2A0F /* AppDelegate.swift */,
				C39DCF0D28394079002F2A0F /* SceneDelegate.swift */,
				C39DCF0F28394079002F2A0F /* ViewController.swift */,
				C39DCF1128394079002F2A0F /* Main.storyboard */,
				C39DCF1428394083002F2A0F /* Assets.xcassets */,
				C39DCF1628394083002F2A0F /* LaunchScreen.storyboard */,
				C39DCF1928394083002F2A0F /* Info.plist */,
				C39DCF20283940F3002F2A0F /* Vertex.swift */,
				C39DCF232839474C002F2A0F /* MinHeap.swift */,
				C3059F2E2839642200C939BF /* NavManager.swift */,
			);
			path = GGBLProj;
			sourceTree = "<group>";
		};
/* End PBXGroup section */

/* Begin PBXNativeTarget section */
		C39DCF0728394079002F2A0F /* GGBLProj */ = {
			isa = PBXNativeTarget;
			buildConfigurationList = C39DCF1C28394083002F2A0F /* Build configuration list for PBXNativeTarget "GGBLProj" */;
			buildPhases = (
				C39DCF0428394079002F2A0F /* Sources */,
				C39DCF0528394079002F2A0F /* Frameworks */,
				C39DCF0628394079002F2A0F /* Resources */,
			);
			buildRules = (
			);
			dependencies = (
			);
			name = GGBLProj;
			productName = GGBLProj;
			productReference = C39DCF0828394079002F2A0F /* GGBLProj.app */;
			productType = "com.apple.product-type.application";
		};
/* End PBXNativeTarget section */

/* Begin PBXProject section */
		C39DCF0028394079002F2A0F /* Project object */ = {
			isa = PBXProject;
			attributes = {
				LastSwiftUpdateCheck = 1240;
				LastUpgradeCheck = 1240;
				TargetAttributes = {
					C39DCF0728394079002F2A0F = {
						CreatedOnToolsVersion = 12.4;
					};
				};
			};
			buildConfigurationList = C39DCF0328394079002F2A0F /* Build configuration list for PBXProject "GGBLProj" */;
			compatibilityVersion = "Xcode 9.3";
			developmentRegion = en;
			hasScannedForEncodings = 0;
			knownRegions = (
				en,
				Base,
			);
			mainGroup = C39DCEFF28394079002F2A0F;
			productRefGroup = C39DCF0928394079002F2A0F /* Products */;
			projectDirPath = "";
			projectRoot = "";
			targets = (
				C39DCF0728394079002F2A0F /* GGBLProj */,
			);
		};
/* End PBXProject section */

/* Begin PBXResourcesBuildPhase section */
		C39DCF0628394079002F2A0F /* Resources */ = {
			isa = PBXResourcesBuildPhase;
			buildActionMask = 2147483647;
			files = (
				C39DCF1828394083002F2A0F /* LaunchScreen.storyboard in Resources */,
				C39DCF1528394083002F2A0F /* Assets.xcassets in Resources */,
				C39DCF1328394079002F2A0F /* Main.storyboard in Resources */,
			);
			runOnlyForDeploymentPostprocessing = 0;
		};
/* End PBXResourcesBuildPhase section */

/* Begin PBXSourcesBuildPhase section */
		C39DCF0428394079002F2A0F /* Sources */ = {
			isa = PBXSourcesBuildPhase;
			buildActionMask = 2147483647;
			files = (
				C39DCF1028394079002F2A0F /* ViewController.swift in Sources */,
				C39DCF21283940F3002F2A0F /* Vertex.swift in Sources */,
				C39DCF0C28394079002F2A0F /* AppDelegate.swift in Sources */,
				C3059F2F2839642200C939BF /* NavManager.swift in Sources */,
				C39DCF242839474D002F2A0F /* MinHeap.swift in Sources */,
				C39DCF0E28394079002F2A0F /* SceneDelegate.swift in Sources */,
			);
			runOnlyForDeploymentPostprocessing = 0;
		};
/* End PBXSourcesBuildPhase section */

/* Begin PBXVariantGroup section */
		C39DCF1128394079002F2A0F /* Main.storyboard */ = {
			isa = PBXVariantGroup;
			children = (
				C39DCF1228394079002F2A0F /* Base */,
			);
			name = Main.storyboard;
			sourceTree = "<group>";
		};
		C39DCF1628394083002F2A0F /* LaunchScreen.storyboard */ = {
			isa = PBXVariantGroup;
			children = (
				C39DCF1728394083002F2A0F /* Base */,
			);
			name = LaunchScreen.storyboard;
			sourceTree = "<group>";
		};
/* End PBXVariantGroup section */

/* Begin XCBuildConfiguration section */
		C39DCF1A28394083002F2A0F /* Debug */ = {
			isa = XCBuildConfiguration;
			buildSettings = {
				ALWAYS_SEARCH_USER_PATHS = NO;
				CLANG_ANALYZER_NONNULL = YES;
				CLANG_ANALYZER_NUMBER_OBJECT_CONVERSION = YES_AGGRESSIVE;
				CLANG_CXX_LANGUAGE_STANDARD = "gnu++14";
				CLANG_CXX_LIBRARY = "libc++";
				CLANG_ENABLE_MODULES = YES;
				CLANG_ENABLE_OBJC_ARC = YES;
				CLANG_ENABLE_OBJC_WEAK = YES;
				CLANG_WARN_BLOCK_CAPTURE_AUTORELEASING = YES;
				CLANG_WARN_BOOL_CONVERSION = YES;
				CLANG_WARN_COMMA = YES;
				CLANG_WARN_CONSTANT_CONVERSION = YES;
				CLANG_WARN_DEPRECATED_OBJC_IMPLEMENTATIONS = YES;
				CLANG_WARN_DIRECT_OBJC_ISA_USAGE = YES_ERROR;
				CLANG_WARN_DOCUMENTATION_COMMENTS = YES;
				CLANG_WARN_EMPTY_BODY = YES;
				CLANG_WARN_ENUM_CONVERSION = YES;
				CLANG_WARN_INFINITE_RECURSION = YES;
				CLANG_WARN_INT_CONVERSION = YES;
				CLANG_WARN_NON_LITERAL_NULL_CONVERSION = YES;
				CLANG_WARN_OBJC_IMPLICIT_RETAIN_SELF = YES;
				CLANG_WARN_OBJC_LITERAL_CONVERSION = YES;
				CLANG_WARN_OBJC_ROOT_CLASS = YES_ERROR;
				CLANG_WARN_QUOTED_INCLUDE_IN_FRAMEWORK_HEADER = YES;
				CLANG_WARN_RANGE_LOOP_ANALYSIS = YES;
				CLANG_WARN_STRICT_PROTOTYPES = YES;
				CLANG_WARN_SUSPICIOUS_MOVE = YES;
				CLANG_WARN_UNGUARDED_AVAILABILITY = YES_AGGRESSIVE;
				CLANG_WARN_UNREACHABLE_CODE = YES;
				CLANG_WARN__DUPLICATE_METHOD_MATCH = YES;
				COPY_PHASE_STRIP = NO;
				DEBUG_INFORMATION_FORMAT = dwarf;
				ENABLE_STRICT_OBJC_MSGSEND = YES;
				ENABLE_TESTABILITY = YES;
				GCC_C_LANGUAGE_STANDARD = gnu11;
				GCC_DYNAMIC_NO_PIC = NO;
				GCC_NO_COMMON_BLOCKS = YES;
				GCC_OPTIMIZATION_LEVEL = 0;
				GCC_PREPROCESSOR_DEFINITIONS = (
					"DEBUG=1",
					"$(inherited)",
				);
				GCC_WARN_64_TO_32_BIT_CONVERSION = YES;
				GCC_WARN_ABOUT_RETURN_TYPE = YES_ERROR;
				GCC_WARN_UNDECLARED_SELECTOR = YES;
				GCC_WARN_UNINITIALIZED_AUTOS = YES_AGGRESSIVE;
				GCC_WARN_UNUSED_FUNCTION = YES;
				GCC_WARN_UNUSED_VARIABLE = YES;
				IPHONEOS_DEPLOYMENT_TARGET = 14.4;
				MTL_ENABLE_DEBUG_INFO = INCLUDE_SOURCE;
				MTL_FAST_MATH = YES;
				ONLY_ACTIVE_ARCH = YES;
				SDKROOT = iphoneos;
				SWIFT_ACTIVE_COMPILATION_CONDITIONS = DEBUG;
				SWIFT_OPTIMIZATION_LEVEL = "-Onone";
			};
			name = Debug;
		};
		C39DCF1B28394083002F2A0F /* Release */ = {
			isa = XCBuildConfiguration;
			buildSettings = {
				ALWAYS_SEARCH_USER_PATHS = NO;
				CLANG_ANALYZER_NONNULL = YES;
				CLANG_ANALYZER_NUMBER_OBJECT_CONVERSION = YES_AGGRESSIVE;
				CLANG_CXX_LANGUAGE_STANDARD = "gnu++14";
				CLANG_CXX_LIBRARY = "libc++";
				CLANG_ENABLE_MODULES = YES;
				CLANG_ENABLE_OBJC_ARC = YES;
				CLANG_ENABLE_OBJC_WEAK = YES;
				CLANG_WARN_BLOCK_CAPTURE_AUTORELEASING = YES;
				CLANG_WARN_BOOL_CONVERSION = YES;
				CLANG_WARN_COMMA = YES;
				CLANG_WARN_CONSTANT_CONVERSION = YES;
				CLANG_WARN_DEPRECATED_OBJC_IMPLEMENTATIONS = YES;
				CLANG_WARN_DIRECT_OBJC_ISA_USAGE = YES_ERROR;
				CLANG_WARN_DOCUMENTATION_COMMENTS = YES;
				CLANG_WARN_EMPTY_BODY = YES;
				CLANG_WARN_ENUM_CONVERSION = YES;
				CLANG_WARN_INFINITE_RECURSION = YES;
				CLANG_WARN_INT_CONVERSION = YES;
				CLANG_WARN_NON_LITERAL_NULL_CONVERSION = YES;
				CLANG_WARN_OBJC_IMPLICIT_RETAIN_SELF = YES;
				CLANG_WARN_OBJC_LITERAL_CONVERSION = YES;
				CLANG_WARN_OBJC_ROOT_CLASS = YES_ERROR;
				CLANG_WARN_QUOTED_INCLUDE_IN_FRAMEWORK_HEADER = YES;
				CLANG_WARN_RANGE_LOOP_ANALYSIS = YES;
				CLANG_WARN_STRICT_PROTOTYPES = YES;
				CLANG_WARN_SUSPICIOUS_MOVE = YES;
				CLANG_WARN_UNGUARDED_AVAILABILITY = YES_AGGRESSIVE;
				CLANG_WARN_UNREACHABLE_CODE = YES;
				CLANG_WARN__DUPLICATE_METHOD_MATCH = YES;
				COPY_PHASE_STRIP = NO;
				DEBUG_INFORMATION_FORMAT = "dwarf-with-dsym";
				ENABLE_NS_ASSERTIONS = NO;
				ENABLE_STRICT_OBJC_MSGSEND = YES;
				GCC_C_LANGUAGE_STANDARD = gnu11;
				GCC_NO_COMMON_BLOCKS = YES;
				GCC_WARN_64_TO_32_BIT_CONVERSION = YES;
				GCC_WARN_ABOUT_RETURN_TYPE = YES_ERROR;
				GCC_WARN_UNDECLARED_SELECTOR = YES;
				GCC_WARN_UNINITIALIZED_AUTOS = YES_AGGRESSIVE;
				GCC_WARN_UNUSED_FUNCTION = YES;
				GCC_WARN_UNUSED_VARIABLE = YES;
				IPHONEOS_DEPLOYMENT_TARGET = 14.4;
				MTL_ENABLE_DEBUG_INFO = NO;
				MTL_FAST_MATH = YES;
				SDKROOT = iphoneos;
				SWIFT_COMPILATION_MODE = wholemodule;
				SWIFT_OPTIMIZATION_LEVEL = "-O";
				VALIDATE_PRODUCT = YES;
			};
			name = Release;
		};
		C39DCF1D28394083002F2A0F /* Debug */ = {
			isa = XCBuildConfiguration;
			buildSettings = {
				ASSETCATALOG_COMPILER_APPICON_NAME = AppIcon;
				ASSETCATALOG_COMPILER_GLOBAL_ACCENT_COLOR_NAME = AccentColor;
				CODE_SIGN_STYLE = Automatic;
				INFOPLIST_FILE = GGBLProj/Info.plist;
				LD_RUNPATH_SEARCH_PATHS = (
					"$(inherited)",
					"@executable_path/Frameworks",
				);
				PRODUCT_BUNDLE_IDENTIFIER = com.drewscheffer.GGBLProj;
				PRODUCT_NAME = "$(TARGET_NAME)";
				SWIFT_VERSION = 5.0;
				TARGETED_DEVICE_FAMILY = "1,2";
			};
			name = Debug;
		};
		C39DCF1E28394083002F2A0F /* Release */ = {
			isa = XCBuildConfiguration;
			buildSettings = {
				ASSETCATALOG_COMPILER_APPICON_NAME = AppIcon;
				ASSETCATALOG_COMPILER_GLOBAL_ACCENT_COLOR_NAME = AccentColor;
				CODE_SIGN_STYLE = Automatic;
				INFOPLIST_FILE = GGBLProj/Info.plist;
				LD_RUNPATH_SEARCH_PATHS = (
					"$(inherited)",
					"@executable_path/Frameworks",
				);
				PRODUCT_BUNDLE_IDENTIFIER = com.drewscheffer.GGBLProj;
				PRODUCT_NAME = "$(TARGET_NAME)";
				SWIFT_VERSION = 5.0;
				TARGETED_DEVICE_FAMILY = "1,2";
			};
			name = Release;
		};
/* End XCBuildConfiguration section */

/* Begin XCConfigurationList section */
		C39DCF0328394079002F2A0F /* Build configuration list for PBXProject "GGBLProj" */ = {
			isa = XCConfigurationList;
			buildConfigurations = (
				C39DCF1A28394083002F2A0F /* Debug */,
				C39DCF1B28394083002F2A0F /* Release */,
			);
			defaultConfigurationIsVisible = 0;
			defaultConfigurationName = Release;
		};
		C39DCF1C28394083002F2A0F /* Build configuration list for PBXNativeTarget "GGBLProj" */ = {
			isa = XCConfigurationList;
			buildConfigurations = (
				C39DCF1D28394083002F2A0F /* Debug */,
				C39DCF1E28394083002F2A0F /* Release */,
			);
			defaultConfigurationIsVisible = 0;
			defaultConfigurationName = Release;
		};
/* End XCConfigurationList section */
	};
	rootObject = C39DCF0028394079002F2A0F /* Project object */;
}
